<Solution>
  <Project Path="Bank.API/BankApi.csproj" />
  <Project Path="BankDomain/BankDomain.csproj" Id="9a3e92a8-b2ce-47a5-b7d3-68a851526d70" />
  <Project Path="BankInfrastructure/BankInfrastructure.csproj" Id="6165b3a3-568a-475f-83bb-d4e14521bce9" />
  <Project Path="BankServices/BankServices.csproj" Id="cb1093c9-86f5-4865-a3f3-92751a993298" />
  <Project Path="QueueDisplay/QueueDisplay.csproj" Id="84faebcc-4297-4888-b6bf-85a9e1b0d32d">
    <Platform Project="x64" />
    <Deploy />
  </Project>
  <Project Path="TicketApp.test/TicketApp.test.csproj" Id="eb981483-fa3c-4942-8397-1aaaf5f22b2c" />
  <Project Path="TicketApp/TicketApp.csproj" Id="2b2fc47c-e0d2-45d9-b9d7-852c86592f9e" />
</Solution>
